// !$*UTF8*$!
{
	archiveVersion = 1;
	classes = {
	};
	objectVersion = 77;
	objects = {

/* Begin PBXBuildFile section */
		C1B1646A2F67DE1800B6E34F /* AIAEC in Frameworks */ = {isa = PBXBuildFile; productRef = C1B164692F67DE1800B6E34F /* AIAEC */; };
		C1B1646C2F67DE1800B6E34F /* AIAECLL in Frameworks */ = {isa = PBXBuildFile; productRef = C1B1646B2F67DE1800B6E34F /* AIAECLL */; };
		C1B1646E2F67DE1800B6E34F /* AINS in Frameworks */ = {isa = PBXBuildFile; productRef = C1B1646D2F67DE1800B6E34F /* AINS */; };
		C1B164702F67DE1800B6E34F /* AINSLL in Frameworks */ = {isa = PBXBuildFile; productRef = C1B1646F2F67DE1800B6E34F /* AINSLL */; };
		C1B164722F67DE1800B6E34F /* AudioBeauty in Frameworks */ = {isa = PBXBuildFile; productRef = C1B164712F67DE1800B6E34F /* AudioBeauty */; };
		C1B164742F67DE1800B6E34F /* ClearVision in Frameworks */ = {isa = PBXBuildFile; productRef = C1B164732F67DE1800B6E34F /* ClearVision */; };
		C1B164762F67DE1800B6E34F /* ContentInspect in Frameworks */ = {isa = PBXBuildFile; productRef = C1B164752F67DE1800B6E34F /* ContentInspect */; };
		C1B164782F67DE1800B6E34F /* FaceCapture in Frameworks */ = {isa = PBXBuildFile; productRef = C1B164772F67DE1800B6E34F /* FaceCapture */; };
		C1B1647A2F67DE1800B6E34F /* FaceDetection in Frameworks */ = {isa = PBXBuildFile; productRef = C1B164792F67DE1800B6E34F /* FaceDetection */; };
		C1B1647C2F67DE1800B6E34F /* LipSync in Frameworks */ = {isa = PBXBuildFile; productRef = C1B1647B2F67DE1800B6E34F /* LipSync */; };
		C1B1647E2F67DE1800B6E34F /* ReplayKit in Frameworks */ = {isa = PBXBuildFile; productRef = C1B1647D2F67DE1800B6E34F /* ReplayKit */; };
		C1B164802F67DE1800B6E34F /* RtcBasic in Frameworks */ = {isa = PBXBuildFile; productRef = C1B1647F2F67DE1800B6E34F /* RtcBasic */; };
		C1B164822F67DE1800B6E34F /* SpatialAudio in Frameworks */ = {isa = PBXBuildFile; productRef = C1B164812F67DE1800B6E34F /* SpatialAudio */; };
		C1B164842F67DE1800B6E34F /* VQA in Frameworks */ = {isa = PBXBuildFile; productRef = C1B164832F67DE1800B6E34F /* VQA */; };
		C1B164862F67DE1800B6E34F /* VideoAv1CodecEnc in Frameworks */ = {isa = PBXBuildFile; productRef = C1B164852F67DE1800B6E34F /* VideoAv1CodecEnc */; };
		C1B164882F67DE1800B6E34F /* VideoCodecEnc in Frameworks */ = {isa = PBXBuildFile; productRef = C1B164872F67DE1800B6E34F /* VideoCodecEnc */; };
		C1B1648A2F67DE1800B6E34F /* VirtualBackground in Frameworks */ = {isa = PBXBuildFile; productRef = C1B164892F67DE1800B6E34F /* VirtualBackground */; };
/* End PBXBuildFile section */

/* Begin PBXFileReference section */
		C1C10EC82F67AE400094DAD1 /* Clara.app */ = {isa = PBXFileReference; explicitFileType = wrapper.application; includeInIndex = 0; path = Clara.app; sourceTree = BUILT_PRODUCTS_DIR; };
/* End PBXFileReference section */

/* Begin PBXFileSystemSynchronizedRootGroup section */
		C1C10ECA2F67AE400094DAD1 /* Clara */ = {
			isa = PBXFileSystemSynchronizedRootGroup;
			path = Clara;
			sourceTree = "<group>";
		};
/* End PBXFileSystemSynchronizedRootGroup section */

/* Begin PBXFrameworksBuildPhase section */
		C1C10EC52F67AE3F0094DAD1 /* Frameworks */ = {
			isa = PBXFrameworksBuildPhase;
			buildActionMask = 2147483647;
			files = (
				C1B1647E2F67DE1800B6E34F /* ReplayKit in Frameworks */,
				C1B164742F67DE1800B6E34F /* ClearVision in Frameworks */,
				C1B1646C2F67DE1800B6E34F /* AIAECLL in Frameworks */,
				C1B164822F67DE1800B6E34F /* SpatialAudio in Frameworks */,
				C1B164762F67DE1800B6E34F /* ContentInspect in Frameworks */,
				C1B164842F67DE1800B6E34F /* VQA in Frameworks */,
				C1B1647A2F67DE1800B6E34F /* FaceDetection in Frameworks */,
				C1B1648A2F67DE1800B6E34F /* VirtualBackground in Frameworks */,
				C1B164862F67DE1800B6E34F /* VideoAv1CodecEnc in Frameworks */,
				C1B164882F67DE1800B6E34F /* VideoCodecEnc in Frameworks */,
				C1B164702F67DE1800B6E34F /* AINSLL in Frameworks */,
				C1B1646A2F67DE1800B6E34F /* AIAEC in Frameworks */,
				C1B164722F67DE1800B6E34F /* AudioBeauty in Frameworks */,
				C1B1647C2F67DE1800B6E34F /* LipSync in Frameworks */,
				C1B164782F67DE1800B6E34F /* FaceCapture in Frameworks */,
				C1B1646E2F67DE1800B6E34F /* AINS in Frameworks */,
				C1B164802F67DE1800B6E34F /* RtcBasic in Frameworks */,
			);
			runOnlyForDeploymentPostprocessing = 0;
		};
/* End PBXFrameworksBuildPhase section */

/* Begin PBXGroup section */
		C1C10EBF2F67AE3F0094DAD1 = {
			isa = PBXGroup;
			children = (
				C1C10ECA2F67AE400094DAD1 /* Clara */,
				C1C10EC92F67AE400094DAD1 /* Products */,
			);
			sourceTree = "<group>";
		};
		C1C10EC92F67AE400094DAD1 /* Products */ = {
			isa = PBXGroup;
			children = (
				C1C10EC82F67AE400094DAD1 /* Clara.app */,
			);
			name = Products;
			sourceTree = "<group>";
		};
/* End PBXGroup section */

/* Begin PBXNativeTarget section */
		C1C10EC72F67AE3F0094DAD1 /* Clara */ = {
			isa = PBXNativeTarget;
			buildConfigurationList = C1C10ED52F67AE410094DAD1 /* Build configuration list for PBXNativeTarget "Clara" */;
			buildPhases = (
				C1C10EC42F67AE3F0094DAD1 /* Sources */,
				C1C10EC52F67AE3F0094DAD1 /* Frameworks */,
				C1C10EC62F67AE3F0094DAD1 /* Resources */,
			);
			buildRules = (
			);
			dependencies = (
			);
			fileSystemSynchronizedGroups = (
				C1C10ECA2F67AE400094DAD1 /* Clara */,
			);
			name = Clara;
			packageProductDependencies = (
				C1B164692F67DE1800B6E34F /* AIAEC */,
				C1B1646B2F67DE1800B6E34F /* AIAECLL */,
				C1B1646D2F67DE1800B6E34F /* AINS */,
				C1B1646F2F67DE1800B6E34F /* AINSLL */,
				C1B164712F67DE1800B6E34F /* AudioBeauty */,
				C1B164732F67DE1800B6E34F /* ClearVision */,
				C1B164752F67DE1800B6E34F /* ContentInspect */,
				C1B164772F67DE1800B6E34F /* FaceCapture */,
				C1B164792F67DE1800B6E34F /* FaceDetection */,
				C1B1647B2F67DE1800B6E34F /* LipSync */,
				C1B1647D2F67DE1800B6E34F /* ReplayKit */,
				C1B1647F2F67DE1800B6E34F /* RtcBasic */,
				C1B164812F67DE1800B6E34F /* SpatialAudio */,
				C1B164832F67DE1800B6E34F /* VQA */,
				C1B164852F67DE1800B6E34F /* VideoAv1CodecEnc */,
				C1B164872F67DE1800B6E34F /* VideoCodecEnc */,
				C1B164892F67DE1800B6E34F /* VirtualBackground */,
			);
			productName = Clara;
			productReference = C1C10EC82F67AE400094DAD1 /* Clara.app */;
			productType = "com.apple.product-type.application";
		};
/* End PBXNativeTarget section */

/* Begin PBXProject section */
		C1C10EC02F67AE3F0094DAD1 /* Project object */ = {
			isa = PBXProject;
			attributes = {
				BuildIndependentTargetsInParallel = 1;
				LastSwiftUpdateCheck = 2610;
				LastUpgradeCheck = 2610;
				TargetAttributes = {
					C1C10EC72F67AE3F0094DAD1 = {
						CreatedOnToolsVersion = 26.1;
					};
				};
			};
			buildConfigurationList = C1C10EC32F67AE3F0094DAD1 /* Build configuration list for PBXProject "Clara" */;
			developmentRegion = en;
			hasScannedForEncodings = 0;
			knownRegions = (
				en,
				Base,
			);
			mainGroup = C1C10EBF2F67AE3F0094DAD1;
			minimizedProjectReferenceProxies = 1;
			packageReferences = (
				C1B164682F67DE1800B6E34F /* XCRemoteSwiftPackageReference "AgoraRtcEngine_iOS" */,
			);
			preferredProjectObjectVersion = 77;
			productRefGroup = C1C10EC92F67AE400094DAD1 /* Products */;
			projectDirPath = "";
			projectRoot = "";
			targets = (
				C1C10EC72F67AE3F0094DAD1 /* Clara */,
			);
		};
/* End PBXProject section */

/* Begin PBXResourcesBuildPhase section */
		C1C10EC62F67AE3F0094DAD1 /* Resources */ = {
			isa = PBXResourcesBuildPhase;
			buildActionMask = 2147483647;
			files = (
			);
			runOnlyForDeploymentPostprocessing = 0;
		};
/* End PBXResourcesBuildPhase section */

/* Begin PBXSourcesBuildPhase section */
		C1C10EC42F67AE3F0094DAD1 /* Sources */ = {
			isa = PBXSourcesBuildPhase;
			buildActionMask = 2147483647;
			files = (
			);
			runOnlyForDeploymentPostprocessing = 0;
		};
/* End PBXSourcesBuildPhase section */

/* Begin XCBuildConfiguration section */
		C1C10ED32F67AE410094DAD1 /* Debug */ = {
			isa = XCBuildConfiguration;
			buildSettings = {
				ALWAYS_SEARCH_USER_PATHS = NO;
				ASSETCATALOG_COMPILER_GENERATE_SWIFT_ASSET_SYMBOL_EXTENSIONS = YES;
				CLANG_ANALYZER_NONNULL = YES;
				CLANG_ANALYZER_NUMBER_OBJECT_CONVERSION = YES_AGGRESSIVE;
				CLANG_CXX_LANGUAGE_STANDARD = "gnu++20";
				CLANG_ENABLE_MODULES = YES;
				CLANG_ENABLE_OBJC_ARC = YES;
				CLANG_ENABLE_OBJC_WEAK = YES;
				CLANG_WARN_BLOCK_CAPTURE_AUTORELEASING = YES;
				CLANG_WARN_BOOL_CONVERSION = YES;
				CLANG_WARN_COMMA = YES;
				CLANG_WARN_CONSTANT_CONVERSION = YES;
				CLANG_WARN_DEPRECATED_OBJC_IMPLEMENTATIONS = YES;
				CLANG_WARN_DIRECT_OBJC_ISA_USAGE = YES_ERROR;
				CLANG_WARN_DOCUMENTATION_COMMENTS = YES;
				CLANG_WARN_EMPTY_BODY = YES;
				CLANG_WARN_ENUM_CONVERSION = YES;
				CLANG_WARN_INFINITE_RECURSION = YES;
				CLANG_WARN_INT_CONVERSION = YES;
				CLANG_WARN_NON_LITERAL_NULL_CONVERSION = YES;
				CLANG_WARN_OBJC_IMPLICIT_RETAIN_SELF = YES;
				CLANG_WARN_OBJC_LITERAL_CONVERSION = YES;
				CLANG_WARN_OBJC_ROOT_CLASS = YES_ERROR;
				CLANG_WARN_QUOTED_INCLUDE_IN_FRAMEWORK_HEADER = YES;
				CLANG_WARN_RANGE_LOOP_ANALYSIS = YES;
				CLANG_WARN_STRICT_PROTOTYPES = YES;
				CLANG_WARN_SUSPICIOUS_MOVE = YES;
				CLANG_WARN_UNGUARDED_AVAILABILITY = YES_AGGRESSIVE;
				CLANG_WARN_UNREACHABLE_CODE = YES;
				CLANG_WARN__DUPLICATE_METHOD_MATCH = YES;
				COPY_PHASE_STRIP = NO;
				DEBUG_INFORMATION_FORMAT = dwarf;
				DEVELOPMENT_TEAM = B92U934M47;
				ENABLE_STRICT_OBJC_MSGSEND = YES;
				ENABLE_TESTABILITY = YES;
				ENABLE_USER_SCRIPT_SANDBOXING = YES;
				GCC_C_LANGUAGE_STANDARD = gnu17;
				GCC_DYNAMIC_NO_PIC = NO;
				GCC_NO_COMMON_BLOCKS = YES;
				GCC_OPTIMIZATION_LEVEL = 0;
				GCC_PREPROCESSOR_DEFINITIONS = (
					"DEBUG=1",
					"$(inherited)",
				);
				GCC_WARN_64_TO_32_BIT_CONVERSION = YES;
				GCC_WARN_ABOUT_RETURN_TYPE = YES_ERROR;
				GCC_WARN_UNDECLARED_SELECTOR = YES;
				GCC_WARN_UNINITIALIZED_AUTOS = YES_AGGRESSIVE;
				GCC_WARN_UNUSED_FUNCTION = YES;
				GCC_WARN_UNUSED_VARIABLE = YES;
				IPHONEOS_DEPLOYMENT_TARGET = 26.1;
				LOCALIZATION_PREFERS_STRING_CATALOGS = YES;
				MTL_ENABLE_DEBUG_INFO = INCLUDE_SOURCE;
				MTL_FAST_MATH = YES;
				ONLY_ACTIVE_ARCH = YES;
				SDKROOT = iphoneos;
				SWIFT_ACTIVE_COMPILATION_CONDITIONS = "DEBUG $(inherited)";
				SWIFT_OPTIMIZATION_LEVEL = "-Onone";
			};
			name = Debug;
		};
		C1C10ED42F67AE410094DAD1 /* Release */ = {
			isa = XCBuildConfiguration;
			buildSettings = {
				ALWAYS_SEARCH_USER_PATHS = NO;
				ASSETCATALOG_COMPILER_GENERATE_SWIFT_ASSET_SYMBOL_EXTENSIONS = YES;
				CLANG_ANALYZER_NONNULL = YES;
				CLANG_ANALYZER_NUMBER_OBJECT_CONVERSION = YES_AGGRESSIVE;
				CLANG_CXX_LANGUAGE_STANDARD = "gnu++20";
				CLANG_ENABLE_MODULES = YES;
				CLANG_ENABLE_OBJC_ARC = YES;
				CLANG_ENABLE_OBJC_WEAK = YES;
				CLANG_WARN_BLOCK_CAPTURE_AUTORELEASING = YES;
				CLANG_WARN_BOOL_CONVERSION = YES;
				CLANG_WARN_COMMA = YES;
				CLANG_WARN_CONSTANT_CONVERSION = YES;
				CLANG_WARN_DEPRECATED_OBJC_IMPLEMENTATIONS = YES;
				CLANG_WARN_DIRECT_OBJC_ISA_USAGE = YES_ERROR;
				CLANG_WARN_DOCUMENTATION_COMMENTS = YES;
				CLANG_WARN_EMPTY_BODY = YES;
				CLANG_WARN_ENUM_CONVERSION = YES;
				CLANG_WARN_INFINITE_RECURSION = YES;
				CLANG_WARN_INT_CONVERSION = YES;
				CLANG_WARN_NON_LITERAL_NULL_CONVERSION = YES;
				CLANG_WARN_OBJC_IMPLICIT_RETAIN_SELF = YES;
				CLANG_WARN_OBJC_LITERAL_CONVERSION = YES;
				CLANG_WARN_OBJC_ROOT_CLASS = YES_ERROR;
				CLANG_WARN_QUOTED_INCLUDE_IN_FRAMEWORK_HEADER = YES;
				CLANG_WARN_RANGE_LOOP_ANALYSIS = YES;
				CLANG_WARN_STRICT_PROTOTYPES = YES;
				CLANG_WARN_SUSPICIOUS_MOVE = YES;
				CLANG_WARN_UNGUARDED_AVAILABILITY = YES_AGGRESSIVE;
				CLANG_WARN_UNREACHABLE_CODE = YES;
				CLANG_WARN__DUPLICATE_METHOD_MATCH = YES;
				COPY_PHASE_STRIP = NO;
				DEBUG_INFORMATION_FORMAT = "dwarf-with-dsym";
				DEVELOPMENT_TEAM = B92U934M47;
				ENABLE_NS_ASSERTIONS = NO;
				ENABLE_STRICT_OBJC_MSGSEND = YES;
				ENABLE_USER_SCRIPT_SANDBOXING = YES;
				GCC_C_LANGUAGE_STANDARD = gnu17;
				GCC_NO_COMMON_BLOCKS = YES;
				GCC_WARN_64_TO_32_BIT_CONVERSION = YES;
				GCC_WARN_ABOUT_RETURN_TYPE = YES_ERROR;
				GCC_WARN_UNDECLARED_SELECTOR = YES;
				GCC_WARN_UNINITIALIZED_AUTOS = YES_AGGRESSIVE;
				GCC_WARN_UNUSED_FUNCTION = YES;
				GCC_WARN_UNUSED_VARIABLE = YES;
				IPHONEOS_DEPLOYMENT_TARGET = 26.1;
				LOCALIZATION_PREFERS_STRING_CATALOGS = YES;
				MTL_ENABLE_DEBUG_INFO = NO;
				MTL_FAST_MATH = YES;
				SDKROOT = iphoneos;
				SWIFT_COMPILATION_MODE = wholemodule;
				VALIDATE_PRODUCT = YES;
			};
			name = Release;
		};
		C1C10ED62F67AE410094DAD1 /* Debug */ = {
			isa = XCBuildConfiguration;
			buildSettings = {
				ASSETCATALOG_COMPILER_APPICON_NAME = AppIcon;
				ASSETCATALOG_COMPILER_GLOBAL_ACCENT_COLOR_NAME = AccentColor;
				CODE_SIGN_STYLE = Automatic;
				CURRENT_PROJECT_VERSION = 1;
				DEVELOPMENT_TEAM = B92U934M47;
				ENABLE_PREVIEWS = YES;
				GENERATE_INFOPLIST_FILE = YES;
				INFOPLIST_KEY_AGORA_APP_ID = 0148993720c64bfda6260146be90d501;
				INFOPLIST_KEY_NSMicrophoneUsageDescription = "VoiceIQ needs microphone access to analyze your speech and stream audio to the AI coach.";
				INFOPLIST_KEY_NSSpeechRecognitionUsageDescription = "VoiceIQ needs speech recognition to detect filler words and compute speaking pace.";
				INFOPLIST_KEY_UIApplicationSceneManifest_Generation = YES;
				INFOPLIST_KEY_UIApplicationSupportsIndirectInputEvents = YES;
				INFOPLIST_KEY_UIBackgroundModes = audio;
				INFOPLIST_KEY_UILaunchScreen_Generation = YES;
				INFOPLIST_KEY_UISupportedInterfaceOrientations_iPad = "UIInterfaceOrientationPortrait UIInterfaceOrientationPortraitUpsideDown UIInterfaceOrientationLandscapeLeft UIInterfaceOrientationLandscapeRight";
				INFOPLIST_KEY_UISupportedInterfaceOrientations_iPhone = "UIInterfaceOrientationPortrait UIInterfaceOrientationLandscapeLeft UIInterfaceOrientationLandscapeRight";
				LD_RUNPATH_SEARCH_PATHS = (
					"$(inherited)",
					"@executable_path/Frameworks",
				);
				MARKETING_VERSION = 1.0;
				PRODUCT_BUNDLE_IDENTIFIER = alventur.Clara;
				PRODUCT_NAME = "$(TARGET_NAME)";
				STRING_CATALOG_GENERATE_SYMBOLS = YES;
				SWIFT_APPROACHABLE_CONCURRENCY = YES;
				SWIFT_DEFAULT_ACTOR_ISOLATION = MainActor;
				SWIFT_EMIT_LOC_STRINGS = YES;
				SWIFT_UPCOMING_FEATURE_MEMBER_IMPORT_VISIBILITY = YES;
				SWIFT_VERSION = 5.0;
				TARGETED_DEVICE_FAMILY = "1,2";
			};
			name = Debug;
		};
		C1C10ED72F67AE410094DAD1 /* Release */ = {
			isa = XCBuildConfiguration;
			buildSettings = {
				ASSETCATALOG_COMPILER_APPICON_NAME = AppIcon;
				ASSETCATALOG_COMPILER_GLOBAL_ACCENT_COLOR_NAME = AccentColor;
				CODE_SIGN_STYLE = Automatic;
				CURRENT_PROJECT_VERSION = 1;
				DEVELOPMENT_TEAM = B92U934M47;
				ENABLE_PREVIEWS = YES;
				GENERATE_INFOPLIST_FILE = YES;
				INFOPLIST_KEY_AGORA_APP_ID = 0148993720c64bfda6260146be90d501;
				INFOPLIST_KEY_NSMicrophoneUsageDescription = "VoiceIQ needs microphone access to analyze your speech and stream audio to the AI coach.";
				INFOPLIST_KEY_NSSpeechRecognitionUsageDescription = "VoiceIQ needs speech recognition to detect filler words and compute speaking pace.";
				INFOPLIST_KEY_UIApplicationSceneManifest_Generation = YES;
				INFOPLIST_KEY_UIApplicationSupportsIndirectInputEvents = YES;
				INFOPLIST_KEY_UIBackgroundModes = audio;
				INFOPLIST_KEY_UILaunchScreen_Generation = YES;
				INFOPLIST_KEY_UISupportedInterfaceOrientations_iPad = "UIInterfaceOrientationPortrait UIInterfaceOrientationPortraitUpsideDown UIInterfaceOrientationLandscapeLeft UIInterfaceOrientationLandscapeRight";
				INFOPLIST_KEY_UISupportedInterfaceOrientations_iPhone = "UIInterfaceOrientationPortrait UIInterfaceOrientationLandscapeLeft UIInterfaceOrientationLandscapeRight";
				LD_RUNPATH_SEARCH_PATHS = (
					"$(inherited)",
					"@executable_path/Frameworks",
				);
				MARKETING_VERSION = 1.0;
				PRODUCT_BUNDLE_IDENTIFIER = alventur.Clara;
				PRODUCT_NAME = "$(TARGET_NAME)";
				STRING_CATALOG_GENERATE_SYMBOLS = YES;
				SWIFT_APPROACHABLE_CONCURRENCY = YES;
				SWIFT_DEFAULT_ACTOR_ISOLATION = MainActor;
				SWIFT_EMIT_LOC_STRINGS = YES;
				SWIFT_UPCOMING_FEATURE_MEMBER_IMPORT_VISIBILITY = YES;
				SWIFT_VERSION = 5.0;
				TARGETED_DEVICE_FAMILY = "1,2";
			};
			name = Release;
		};
/* End XCBuildConfiguration section */

/* Begin XCConfigurationList section */
		C1C10EC32F67AE3F0094DAD1 /* Build configuration list for PBXProject "Clara" */ = {
			isa = XCConfigurationList;
			buildConfigurations = (
				C1C10ED32F67AE410094DAD1 /* Debug */,
				C1C10ED42F67AE410094DAD1 /* Release */,
			);
			defaultConfigurationIsVisible = 0;
			defaultConfigurationName = Release;
		};
		C1C10ED52F67AE410094DAD1 /* Build configuration list for PBXNativeTarget "Clara" */ = {
			isa = XCConfigurationList;
			buildConfigurations = (
				C1C10ED62F67AE410094DAD1 /* Debug */,
				C1C10ED72F67AE410094DAD1 /* Release */,
			);
			defaultConfigurationIsVisible = 0;
			defaultConfigurationName = Release;
		};
/* End XCConfigurationList section */

/* Begin XCRemoteSwiftPackageReference section */
		C1B164682F67DE1800B6E34F /* XCRemoteSwiftPackageReference "AgoraRtcEngine_iOS" */ = {
			isa = XCRemoteSwiftPackageReference;
			repositoryURL = "https://github.com/AgoraIO/AgoraRtcEngine_iOS";
			requirement = {
				kind = upToNextMajorVersion;
				minimumVersion = 4.6.2;
			};
		};
/* End XCRemoteSwiftPackageReference section */

/* Begin XCSwiftPackageProductDependency section */
		C1B164692F67DE1800B6E34F /* AIAEC */ = {
			isa = XCSwiftPackageProductDependency;
			package = C1B164682F67DE1800B6E34F /* XCRemoteSwiftPackageReference "AgoraRtcEngine_iOS" */;
			productName = AIAEC;
		};
		C1B1646B2F67DE1800B6E34F /* AIAECLL */ = {
			isa = XCSwiftPackageProductDependency;
			package = C1B164682F67DE1800B6E34F /* XCRemoteSwiftPackageReference "AgoraRtcEngine_iOS" */;
			productName = AIAECLL;
		};
		C1B1646D2F67DE1800B6E34F /* AINS */ = {
			isa = XCSwiftPackageProductDependency;
			package = C1B164682F67DE1800B6E34F /* XCRemoteSwiftPackageReference "AgoraRtcEngine_iOS" */;
			productName = AINS;
		};
		C1B1646F2F67DE1800B6E34F /* AINSLL */ = {
			isa = XCSwiftPackageProductDependency;
			package = C1B164682F67DE1800B6E34F /* XCRemoteSwiftPackageReference "AgoraRtcEngine_iOS" */;
			productName = AINSLL;
		};
		C1B164712F67DE1800B6E34F /* AudioBeauty */ = {
			isa = XCSwiftPackageProductDependency;
			package = C1B164682F67DE1800B6E34F /* XCRemoteSwiftPackageReference "AgoraRtcEngine_iOS" */;
			productName = AudioBeauty;
		};
		C1B164732F67DE1800B6E34F /* ClearVision */ = {
			isa = XCSwiftPackageProductDependency;
			package = C1B164682F67DE1800B6E34F /* XCRemoteSwiftPackageReference "AgoraRtcEngine_iOS" */;
			productName = ClearVision;
		};
		C1B164752F67DE1800B6E34F /* ContentInspect */ = {
			isa = XCSwiftPackageProductDependency;
			package = C1B164682F67DE1800B6E34F /* XCRemoteSwiftPackageReference "AgoraRtcEngine_iOS" */;
			productName = ContentInspect;
		};
		C1B164772F67DE1800B6E34F /* FaceCapture */ = {
			isa = XCSwiftPackageProductDependency;
			package = C1B164682F67DE1800B6E34F /* XCRemoteSwiftPackageReference "AgoraRtcEngine_iOS" */;
			productName = FaceCapture;
		};
		C1B164792F67DE1800B6E34F /* FaceDetection */ = {
			isa = XCSwiftPackageProductDependency;
			package = C1B164682F67DE1800B6E34F /* XCRemoteSwiftPackageReference "AgoraRtcEngine_iOS" */;
			productName = FaceDetection;
		};
		C1B1647B2F67DE1800B6E34F /* LipSync */ = {
			isa = XCSwiftPackageProductDependency;
			package = C1B164682F67DE1800B6E34F /* XCRemoteSwiftPackageReference "AgoraRtcEngine_iOS" */;
			productName = LipSync;
		};
		C1B1647D2F67DE1800B6E34F /* ReplayKit */ = {
			isa = XCSwiftPackageProductDependency;
			package = C1B164682F67DE1800B6E34F /* XCRemoteSwiftPackageReference "AgoraRtcEngine_iOS" */;
			productName = ReplayKit;
		};
		C1B1647F2F67DE1800B6E34F /* RtcBasic */ = {
			isa = XCSwiftPackageProductDependency;
			package = C1B164682F67DE1800B6E34F /* XCRemoteSwiftPackageReference "AgoraRtcEngine_iOS" */;
			productName = RtcBasic;
		};
		C1B164812F67DE1800B6E34F /* SpatialAudio */ = {
			isa = XCSwiftPackageProductDependency;
			package = C1B164682F67DE1800B6E34F /* XCRemoteSwiftPackageReference "AgoraRtcEngine_iOS" */;
			productName = SpatialAudio;
		};
		C1B164832F67DE1800B6E34F /* VQA */ = {
			isa = XCSwiftPackageProductDependency;
			package = C1B164682F67DE1800B6E34F /* XCRemoteSwiftPackageReference "AgoraRtcEngine_iOS" */;
			productName = VQA;
		};
		C1B164852F67DE1800B6E34F /* VideoAv1CodecEnc */ = {
			isa = XCSwiftPackageProductDependency;
			package = C1B164682F67DE1800B6E34F /* XCRemoteSwiftPackageReference "AgoraRtcEngine_iOS" */;
			productName = VideoAv1CodecEnc;
		};
		C1B164872F67DE1800B6E34F /* VideoCodecEnc */ = {
			isa = XCSwiftPackageProductDependency;
			package = C1B164682F67DE1800B6E34F /* XCRemoteSwiftPackageReference "AgoraRtcEngine_iOS" */;
			productName = VideoCodecEnc;
		};
		C1B164892F67DE1800B6E34F /* VirtualBackground */ = {
			isa = XCSwiftPackageProductDependency;
			package = C1B164682F67DE1800B6E34F /* XCRemoteSwiftPackageReference "AgoraRtcEngine_iOS" */;
			productName = VirtualBackground;
		};
/* End XCSwiftPackageProductDependency section */
	};
	rootObject = C1C10EC02F67AE3F0094DAD1 /* Project object */;
}
